schema: '2.0'
stages:
  data_ingestion:
    cmd: python src/data/data_ingestion.py
    deps:
    - path: src/data/data_ingestion.py
      hash: md5
      md5: 14104fcf5a6c83c8fb72ca8417294ba1
      size: 4095
    params:
      params.yaml:
        data_ingestion.test_size: 0.24
    outs:
    - path: data/raw
      hash: md5
      md5: ed37f26ccbcd35f78f63fa3e0540679b.dir
      size: 6882906
      nfiles: 2
  data_preprocessing:
    cmd: python src/data/data_preprocessing.py
    deps:
    - path: data/raw/test.csv
      hash: md5
      md5: 78992e06c60d964dce192f2047837971
      size: 1599922
    - path: data/raw/train.csv
      hash: md5
      md5: c2ec080ad646230227f2cd96133679d4
      size: 5282984
    - path: src/data/data_preprocessing.py
      hash: md5
      md5: 0caf3d4322a07e68476124fa3cd75e24
      size: 3747
    outs:
    - path: data/interim
      hash: md5
      md5: 1e6a66676bb779d0e52e6b45daf88c8c.dir
      size: 5095933
      nfiles: 2
  model_building:
    cmd: python src/model/model_building.py
    deps:
    - path: data/interim/train_processed.csv
      hash: md5
      md5: db68f6a7617752a27d6153a522140ec4
      size: 3911423
    - path: src/model/model_building.py
      hash: md5
      md5: 9a4cc00245a10b734ccedce855755f8c
      size: 5504
    params:
      params.yaml:
        model_building.learning_rate: 0.09
        model_building.max_depth: 20
        model_building.max_features: 10000
        model_building.n_estimators: 367
        model_building.ngram_range:
        - 1
        - 3
    outs:
    - path: lgbm_model.pkl
      hash: md5
      md5: 6ba885082cb79d500d8d591e13d0cfeb
      size: 4097731
    - path: tfidf_vectorizer.pkl
      hash: md5
      md5: a2f989dc40f443fa6316109c61ec34a0
      size: 384048
  model_evaluation:
    cmd: python src/model/model_evaluation.py
    deps:
    - path: data/interim/test_processed.csv
      hash: md5
      md5: e6164bac6593392d48dab4dc10fb2d87
      size: 1184510
    - path: data/interim/train_processed.csv
      hash: md5
      md5: db68f6a7617752a27d6153a522140ec4
      size: 3911423
    - path: lgbm_model.pkl
      hash: md5
      md5: 6ba885082cb79d500d8d591e13d0cfeb
      size: 4097731
    - path: src/config/dev.py
      hash: md5
      md5: 2238c6f0fb8cd119f9130ce20770aa08
      size: 80
    - path: src/model/model_evaluation.py
      hash: md5
      md5: 8d47a11d6573e01761aafa899631d7dc
      size: 7198
    - path: tfidf_vectorizer.pkl
      hash: md5
      md5: a2f989dc40f443fa6316109c61ec34a0
      size: 384048
    outs:
    - path: experiment_info.json
      hash: md5
      md5: 033ceebce60e0f158182ff0a6eb85940
      size: 84
  model_registration:
    cmd: python src/model/register_model.py
    deps:
    - path: experiment_info.json
      hash: md5
      md5: 033ceebce60e0f158182ff0a6eb85940
      size: 84
    - path: src/model/register_model.py
      hash: md5
      md5: ad2c1855e6fa6f08f691a887dddb9492
      size: 2477
